
Microsoft Visual Studio Solution File, Format Version 12.00
# Visual Studio Version 16
VisualStudioVersion = 16.0.30204.135
MinimumVisualStudioVersion = 10.0.40219.1
Project("{FAE04EC0-301F-11D3-BF4B-00C04F79EFBC}") = "CarRentalSystem.Domain", "CarRentalSystem\CarRentalSystem.Domain.csproj", "{C8C559AE-ECE4-4A71-BCC6-02C375FC7E24}"
EndProject
Project("{FAE04EC0-301F-11D3-BF4B-00C04F79EFBC}") = "CarRentalSystem.Startup", "CarRentalSystem.Startup\CarRentalSystem.Startup.csproj", "{BFC3A05E-4B57-46B5-83C9-5791BC2F08C1}"
EndProject
Project("{FAE04EC0-301F-11D3-BF4B-00C04F79EFBC}") = "CarRentalSystem.Web", "CarRentalSystem.Web\CarRentalSystem.Web.csproj", "{9DAAB102-ED49-4479-9E21-4B592345E82B}"
EndProject
Project("{FAE04EC0-301F-11D3-BF4B-00C04F79EFBC}") = "CarRentalSystem.Infrastructure", "CarRentalSystem.Infrastructure\CarRentalSystem.Infrastructure.csproj", "{EB28B8B4-08C8-407F-BC83-90E38AA80E64}"
EndProject
Project("{FAE04EC0-301F-11D3-BF4B-00C04F79EFBC}") = "CarRentalSystem.Application", "CarRentalSystem.Application\CarRentalSystem.Application.csproj", "{22EE079F-E173-4E31-8336-0F26607F4140}"
EndProject
Global
	GlobalSection(SolutionConfigurationPlatforms) = preSolution
		Debug|Any CPU = Debug|Any CPU
		Release|Any CPU = Release|Any CPU
	EndGlobalSection
	GlobalSection(ProjectConfigurationPlatforms) = postSolution
		{C8C559AE-ECE4-4A71-BCC6-02C375FC7E24}.Debug|Any CPU.ActiveCfg = Debug|Any CPU
		{C8C559AE-ECE4-4A71-BCC6-02C375FC7E24}.Debug|Any CPU.Build.0 = Debug|Any CPU
		{C8C559AE-ECE4-4A71-BCC6-02C375FC7E24}.Release|Any CPU.ActiveCfg = Release|Any CPU
		{C8C559AE-ECE4-4A71-BCC6-02C375FC7E24}.Release|Any CPU.Build.0 = Release|Any CPU
		{BFC3A05E-4B57-46B5-83C9-5791BC2F08C1}.Debug|Any CPU.ActiveCfg = Debug|Any CPU
		{BFC3A05E-4B57-46B5-83C9-5791BC2F08C1}.Debug|Any CPU.Build.0 = Debug|Any CPU
		{BFC3A05E-4B57-46B5-83C9-5791BC2F08C1}.Release|Any CPU.ActiveCfg = Release|Any CPU
		{BFC3A05E-4B57-46B5-83C9-5791BC2F08C1}.Release|Any CPU.Build.0 = Release|Any CPU
		{9DAAB102-ED49-4479-9E21-4B592345E82B}.Debug|Any CPU.ActiveCfg = Debug|Any CPU
		{9DAAB102-ED49-4479-9E21-4B592345E82B}.Debug|Any CPU.Build.0 = Debug|Any CPU
		{9DAAB102-ED49-4479-9E21-4B592345E82B}.Release|Any CPU.ActiveCfg = Release|Any CPU
		{9DAAB102-ED49-4479-9E21-4B592345E82B}.Release|Any CPU.Build.0 = Release|Any CPU
		{EB28B8B4-08C8-407F-BC83-90E38AA80E64}.Debug|Any CPU.ActiveCfg = Debug|Any CPU
		{EB28B8B4-08C8-407F-BC83-90E38AA80E64}.Debug|Any CPU.Build.0 = Debug|Any CPU
		{EB28B8B4-08C8-407F-BC83-90E38AA80E64}.Release|Any CPU.ActiveCfg = Release|Any CPU
		{EB28B8B4-08C8-407F-BC83-90E38AA80E64}.Release|Any CPU.Build.0 = Release|Any CPU
		{22EE079F-E173-4E31-8336-0F26607F4140}.Debug|Any CPU.ActiveCfg = Debug|Any CPU
		{22EE079F-E173-4E31-8336-0F26607F4140}.Debug|Any CPU.Build.0 = Debug|Any CPU
		{22EE079F-E173-4E31-8336-0F26607F4140}.Release|Any CPU.ActiveCfg = Release|Any CPU
		{22EE079F-E173-4E31-8336-0F26607F4140}.Release|Any CPU.Build.0 = Release|Any CPU
	EndGlobalSection
	GlobalSection(SolutionProperties) = preSolution
		HideSolutionNode = FALSE
	EndGlobalSection
	GlobalSection(ExtensibilityGlobals) = postSolution
		SolutionGuid = {BBDFD983-2E36-462F-A420-005C61C18151}
	EndGlobalSection
EndGlobal
